{
  "name": "imagerate",
  "version": "0.0.1",
  "dependencies": {
    "express": {
      "version": "3.1.0",
      "from": "express@latest",
      "dependencies": {
        "connect": {
          "version": "2.7.2",
          "from": "connect@2.7.2",
          "dependencies": {
            "qs": {
              "version": "0.5.1",
              "from": "qs@0.5.1"
            },
            "formidable": {
              "version": "1.0.11",
              "from": "formidable@1.0.11"
            },
            "bytes": {
              "version": "0.1.0",
              "from": "bytes@0.1.0"
            },
            "pause": {
              "version": "0.0.1",
              "from": "pause@0.0.1"
            }
          }
        },
        "commander": {
          "version": "0.6.1",
          "from": "commander@0.6.1"
        },
        "range-parser": {
          "version": "0.0.4",
          "from": "range-parser@0.0.4"
        },
        "mkdirp": {
          "version": "0.3.3",
          "from": "mkdirp@0.3.3"
        },
        "cookie": {
          "version": "0.0.5",
          "from": "cookie@0.0.5"
        },
        "buffer-crc32": {
          "version": "0.1.1",
          "from": "buffer-crc32@0.1.1"
        },
        "fresh": {
          "version": "0.1.0",
          "from": "fresh@0.1.0"
        },
        "methods": {
          "version": "0.0.1",
          "from": "methods@0.0.1"
        },
        "send": {
          "version": "0.1.0",
          "from": "send@*",
          "dependencies": {
            "mime": {
              "version": "1.2.6",
              "from": "mime@1.2.6"
            }
          }
        },
        "cookie-signature": {
          "version": "0.0.1",
          "from": "cookie-signature@0.0.1"
        },
        "debug": {
          "version": "0.7.2",
          "from": "debug@*"
        }
      }
    },
    "ect": {
      "version": "0.4.11",
      "from": "ect@latest",
      "dependencies": {
        "coffee-script": {
          "version": "1.5.0",
          "from": "coffee-script@1.5.0"
        }
      }
    },
    "mongoose": {
      "version": "3.6.1",
      "from": "mongoose@latest",
      "resolved": "https://registry.npmjs.org/mongoose/-/mongoose-3.6.1.tgz",
      "dependencies": {
        "hooks": {
          "version": "0.2.1",
          "from": "hooks@0.2.1"
        },
        "mongodb": {
          "version": "1.2.14",
          "from": "mongodb@1.2.14",
          "dependencies": {
            "bson": {
              "version": "0.1.8",
              "from": "bson@0.1.8"
            }
          }
        },
        "ms": {
          "version": "0.1.0",
          "from": "ms@0.1.0"
        },
        "sliced": {
          "version": "0.0.3",
          "from": "sliced@0.0.3"
        },
        "muri": {
          "version": "0.3.1",
          "from": "muri@0.3.1"
        },
        "mpromise": {
          "version": "0.2.1",
          "from": "mpromise@0.2.1",
          "dependencies": {
            "sliced": {
              "version": "0.0.4",
              "from": "sliced@0.0.4"
            }
          }
        },
        "mpath": {
          "version": "0.1.1",
          "from": "mpath@0.1.1"
        }
      }
    },
    "connect-mongo": {
      "version": "0.3.2",
      "from": "connect-mongo@latest",
      "dependencies": {
        "mongodb": {
          "version": "1.2.14",
          "from": "mongodb@1.2.x",
          "dependencies": {
            "bson": {
              "version": "0.1.8",
              "from": "bson@0.1.8"
            }
          }
        }
      }
    },
    "connect-flash": {
      "version": "0.1.0",
      "from": "connect-flash@latest"
    },
    "passport": {
      "version": "0.1.16",
      "from": "passport@latest",
      "dependencies": {
        "pkginfo": {
          "version": "0.2.3",
          "from": "pkginfo@0.2.x",
          "resolved": "https://registry.npmjs.org/pkginfo/-/pkginfo-0.2.3.tgz"
        }
      }
    },
    "passport-local": {
      "version": "0.1.6",
      "from": "passport-local@latest",
      "dependencies": {
        "pkginfo": {
          "version": "0.2.3",
          "from": "pkginfo@0.2.x",
          "resolved": "https://registry.npmjs.org/pkginfo/-/pkginfo-0.2.3.tgz"
        }
      }
    },
    "passport-google-oauth": {
      "version": "0.1.5",
      "from": "passport-google-oauth@latest",
      "resolved": "https://registry.npmjs.org/passport-google-oauth/-/passport-google-oauth-0.1.5.tgz",
      "dependencies": {
        "pkginfo": {
          "version": "0.2.3",
          "from": "pkginfo@0.2.x",
          "resolved": "https://registry.npmjs.org/pkginfo/-/pkginfo-0.2.3.tgz"
        },
        "passport-oauth": {
          "version": "0.1.14",
          "from": "passport-oauth@~0.1.4",
          "resolved": "https://registry.npmjs.org/passport-oauth/-/passport-oauth-0.1.14.tgz",
          "dependencies": {
            "oauth": {
              "version": "0.9.10",
              "from": "oauth@0.9.x",
              "resolved": "https://registry.npmjs.org/oauth/-/oauth-0.9.10.tgz"
            }
          }
        }
      }
    },
    "imager": {
      "version": "0.1.6",
      "from": "imager@latest",
      "resolved": "https://registry.npmjs.org/imager/-/imager-0.1.6.tgz",
      "dependencies": {
        "gm": {
          "version": "1.4.1",
          "from": "gm@1.4.1",
          "resolved": "https://registry.npmjs.org/gm/-/gm-1.4.1.tgz"
        },
        "cloudfiles": {
          "version": "0.3.3",
          "from": "cloudfiles@0.3.3",
          "resolved": "https://registry.npmjs.org/cloudfiles/-/cloudfiles-0.3.3.tgz",
          "dependencies": {
            "pkginfo": {
              "version": "0.2.3",
              "from": "pkginfo@0.2.x",
              "resolved": "https://registry.npmjs.org/pkginfo/-/pkginfo-0.2.3.tgz"
            },
            "request": {
              "version": "2.16.6",
              "from": "request@2.x.x",
              "resolved": "https://registry.npmjs.org/request/-/request-2.16.6.tgz",
              "dependencies": {
                "form-data": {
                  "version": "0.0.7",
                  "from": "form-data@~0.0.3",
                  "resolved": "https://registry.npmjs.org/form-data/-/form-data-0.0.7.tgz",
                  "dependencies": {
                    "combined-stream": {
                      "version": "0.0.4",
                      "from": "combined-stream@~0.0.4",
                      "resolved": "https://registry.npmjs.org/combined-stream/-/combined-stream-0.0.4.tgz",
                      "dependencies": {
                        "delayed-stream": {
                          "version": "0.0.5",
                          "from": "delayed-stream@0.0.5",
                          "resolved": "https://registry.npmjs.org/delayed-stream/-/delayed-stream-0.0.5.tgz"
                        }
                      }
                    }
                  }
                },
                "mime": {
                  "version": "1.2.9",
                  "from": "mime@~1.2.7",
                  "resolved": "https://registry.npmjs.org/mime/-/mime-1.2.9.tgz"
                },
                "hawk": {
                  "version": "0.10.2",
                  "from": "hawk@~0.10.2",
                  "resolved": "https://registry.npmjs.org/hawk/-/hawk-0.10.2.tgz",
                  "dependencies": {
                    "hoek": {
                      "version": "0.7.1",
                      "from": "hoek@0.7.x",
                      "resolved": "https://registry.npmjs.org/hoek/-/hoek-0.7.1.tgz"
                    },
                    "boom": {
                      "version": "0.3.7",
                      "from": "boom@0.3.x",
                      "resolved": "https://registry.npmjs.org/boom/-/boom-0.3.7.tgz"
                    },
                    "cryptiles": {
                      "version": "0.1.3",
                      "from": "cryptiles@0.1.x",
                      "resolved": "https://registry.npmjs.org/cryptiles/-/cryptiles-0.1.3.tgz"
                    },
                    "sntp": {
                      "version": "0.1.4",
                      "from": "sntp@0.1.x",
                      "resolved": "https://registry.npmjs.org/sntp/-/sntp-0.1.4.tgz"
                    }
                  }
                },
                "node-uuid": {
                  "version": "1.4.0",
                  "from": "node-uuid@~1.4.0",
                  "resolved": "https://registry.npmjs.org/node-uuid/-/node-uuid-1.4.0.tgz"
                },
                "cookie-jar": {
                  "version": "0.2.0",
                  "from": "cookie-jar@~0.2.0",
                  "resolved": "https://registry.npmjs.org/cookie-jar/-/cookie-jar-0.2.0.tgz"
                },
                "aws-sign": {
                  "version": "0.2.0",
                  "from": "aws-sign@~0.2.0",
                  "resolved": "https://registry.npmjs.org/aws-sign/-/aws-sign-0.2.0.tgz"
                },
                "oauth-sign": {
                  "version": "0.2.0",
                  "from": "oauth-sign@~0.2.0",
                  "resolved": "https://registry.npmjs.org/oauth-sign/-/oauth-sign-0.2.0.tgz"
                },
                "forever-agent": {
                  "version": "0.2.0",
                  "from": "forever-agent@~0.2.0",
                  "resolved": "https://registry.npmjs.org/forever-agent/-/forever-agent-0.2.0.tgz"
                },
                "tunnel-agent": {
                  "version": "0.2.0",
                  "from": "tunnel-agent@~0.2.0",
                  "resolved": "https://registry.npmjs.org/tunnel-agent/-/tunnel-agent-0.2.0.tgz"
                },
                "json-stringify-safe": {
                  "version": "3.0.0",
                  "from": "json-stringify-safe@~3.0.0",
                  "resolved": "https://registry.npmjs.org/json-stringify-safe/-/json-stringify-safe-3.0.0.tgz"
                },
                "qs": {
                  "version": "0.5.5",
                  "from": "qs@~0.5.4",
                  "resolved": "https://registry.npmjs.org/qs/-/qs-0.5.5.tgz"
                }
              }
            }
          }
        },
        "knox": {
          "version": "0.3.1",
          "from": "knox@0.3.1",
          "resolved": "https://registry.npmjs.org/knox/-/knox-0.3.1.tgz"
        },
        "mime": {
          "version": "1.2.5",
          "from": "mime@1.2.5",
          "resolved": "https://registry.npmjs.org/mime/-/mime-1.2.5.tgz"
        },
        "async": {
          "version": "0.1.22",
          "from": "async@0.1.22",
          "resolved": "https://registry.npmjs.org/async/-/async-0.1.22.tgz"
        },
        "underscore": {
          "version": "1.3.3",
          "from": "underscore@1.3.3",
          "resolved": "https://registry.npmjs.org/underscore/-/underscore-1.3.3.tgz"
        }
      }
    },
    "underscore": {
      "version": "1.4.4",
      "from": "underscore@latest",
      "resolved": "https://registry.npmjs.org/underscore/-/underscore-1.4.4.tgz"
    },
    "gzippo": {
      "version": "0.2.0",
      "from": "gzippo@latest",
      "resolved": "https://registry.npmjs.org/gzippo/-/gzippo-0.2.0.tgz",
      "dependencies": {
        "send": {
          "version": "0.1.0",
          "from": "send@*",
          "dependencies": {
            "debug": {
              "version": "0.7.2",
              "from": "debug@*"
            },
            "mime": {
              "version": "1.2.6",
              "from": "mime@1.2.6"
            },
            "fresh": {
              "version": "0.1.0",
              "from": "fresh@0.1.0"
            },
            "range-parser": {
              "version": "0.0.4",
              "from": "range-parser@0.0.4"
            }
          }
        }
      }
    },
    "async": {
      "version": "0.2.6",
      "from": "async@latest",
      "resolved": "https://registry.npmjs.org/async/-/async-0.2.6.tgz"
    },
    "nodemon": {
      "version": "0.7.4",
      "from": "nodemon@latest",
      "resolved": "https://registry.npmjs.org/nodemon/-/nodemon-0.7.4.tgz"
    },
    "view-helpers": {
      "version": "0.0.2",
      "from": "view-helpers@latest",
      "resolved": "https://registry.npmjs.org/view-helpers/-/view-helpers-0.0.2.tgz"
    },
    "forms-mongoose": {
      "version": "0.0.6",
      "from": "forms-mongoose@latest",
      "resolved": "https://registry.npmjs.org/forms-mongoose/-/forms-mongoose-0.0.6.tgz",
      "dependencies": {
        "forms": {
          "version": "0.1.4",
          "from": "forms@*",
          "resolved": "https://registry.npmjs.org/forms/-/forms-0.1.4.tgz",
          "dependencies": {
            "async": {
              "version": "0.1.22",
              "from": "async@~0.1.22"
            }
          }
        }
      }
    }
  }
}
